# This file is automatically @generated by Cargo.
# It is not intended for manual editing.
[[package]]
name = "aho-corasick"
version = "0.7.18"
source = "registry+https://github.com/rust-lang/crates.io-index"
checksum = "1e37cfd5e7657ada45f742d6e99ca5788580b5c529dc78faf11ece6dc702656f"
dependencies = [
 "memchr",
]

[[package]]
name = "arb"
version = "0.4.0"
dependencies = [
 "arb 0.5.1",
 "neon",
 "neon-build",
]

[[package]]
name = "arb"
version = "0.5.1"
source = "git+https://github.com/adriankumpf/abacom-relay-board?tag=v0.5.1#13a53c0bcfff240521f1d9ab0d49e6d7f7025cb1"
dependencies = [
 "rusb",
 "thiserror",
]

[[package]]
name = "cc"
version = "1.0.67"
source = "registry+https://github.com/rust-lang/crates.io-index"
checksum = "e3c69b077ad434294d3ce9f1f6143a2a4b89a8a2d54ef813d85003a4fd1137fd"

[[package]]
name = "cfg-if"
version = "1.0.0"
source = "registry+https://github.com/rust-lang/crates.io-index"
checksum = "baf1de4339761588bc0619e3cbc0120ee582ebb74b53b4efbf79117bd2da40fd"

[[package]]
name = "cslice"
version = "0.2.0"
source = "registry+https://github.com/rust-lang/crates.io-index"
checksum = "697c714f50560202b1f4e2e09cd50a421881c83e9025db75d15f276616f04f40"

[[package]]
name = "libc"
version = "0.2.94"
source = "registry+https://github.com/rust-lang/crates.io-index"
checksum = "18794a8ad5b29321f790b55d93dfba91e125cb1a9edbd4f8e3150acc771c1a5e"

[[package]]
name = "libusb1-sys"
version = "0.5.0"
source = "registry+https://github.com/rust-lang/crates.io-index"
checksum = "e22e89d08bbe6816c6c5d446203b859eba35b8fa94bf1b7edb2f6d25d43f023f"
dependencies = [
 "cc",
 "libc",
 "pkg-config",
 "vcpkg",
]

[[package]]
name = "memchr"
version = "2.4.0"
source = "registry+https://github.com/rust-lang/crates.io-index"
checksum = "b16bd47d9e329435e309c58469fe0791c2d0d1ba96ec0954152a5ae2b04387dc"

[[package]]
name = "neon"
version = "0.8.3"
source = "registry+https://github.com/rust-lang/crates.io-index"
checksum = "05c562b89fa7f9707f02056abe25a37ec290ca4a4f1596edbd7aa1aa7b87af1d"
dependencies = [
 "cslice",
 "neon-build",
 "neon-runtime",
 "semver",
 "smallvec",
]

[[package]]
name = "neon-build"
version = "0.8.3"
source = "registry+https://github.com/rust-lang/crates.io-index"
checksum = "f9c55f6d310757b9fe6cd96a376609548a252da31828f935a7f59106533a89e9"
dependencies = [
 "neon-sys",
]

[[package]]
name = "neon-runtime"
version = "0.8.3"
source = "registry+https://github.com/rust-lang/crates.io-index"
checksum = "be313e6cf11f469653ee1b137b9203f5d604f2b496d423e96c5e251b51eead03"
dependencies = [
 "cfg-if",
 "neon-sys",
 "smallvec",
]

[[package]]
name = "neon-sys"
version = "0.8.3"
source = "registry+https://github.com/rust-lang/crates.io-index"
checksum = "fe7311a8aca212437bb95c4e5eb94b19a4c360440db118021cd90c3d63387613"
dependencies = [
 "cc",
 "regex",
]

[[package]]
name = "pkg-config"
version = "0.3.19"
source = "registry+https://github.com/rust-lang/crates.io-index"
checksum = "3831453b3449ceb48b6d9c7ad7c96d5ea673e9b470a1dc578c2ce6521230884c"

[[package]]
name = "proc-macro2"
version = "1.0.26"
source = "registry+https://github.com/rust-lang/crates.io-index"
checksum = "a152013215dca273577e18d2bf00fa862b89b24169fb78c4c95aeb07992c9cec"
dependencies = [
 "unicode-xid",
]

[[package]]
name = "quote"
version = "1.0.9"
source = "registry+https://github.com/rust-lang/crates.io-index"
checksum = "c3d0b9745dc2debf507c8422de05d7226cc1f0644216dfdfead988f9b1ab32a7"
dependencies = [
 "proc-macro2",
]

[[package]]
name = "regex"
version = "1.5.3"
source = "registry+https://github.com/rust-lang/crates.io-index"
checksum = "ce5f1ceb7f74abbce32601642fcf8e8508a8a8991e0621c7d750295b9095702b"
dependencies = [
 "aho-corasick",
 "memchr",
 "regex-syntax",
]

[[package]]
name = "regex-syntax"
version = "0.6.25"
source = "registry+https://github.com/rust-lang/crates.io-index"
checksum = "f497285884f3fcff424ffc933e56d7cbca511def0c9831a7f9b5f6153e3cc89b"

[[package]]
name = "rusb"
version = "0.8.0"
source = "registry+https://github.com/rust-lang/crates.io-index"
checksum = "12f3264859095257507e4c011ab420ff9b2d9cc3349c6c08a1d3a019260bb437"
dependencies = [
 "libc",
 "libusb1-sys",
]

[[package]]
name = "semver"
version = "0.9.0"
source = "registry+https://github.com/rust-lang/crates.io-index"
checksum = "1d7eb9ef2c18661902cc47e535f9bc51b78acd254da71d375c2f6720d9a40403"
dependencies = [
 "semver-parser",
]

[[package]]
name = "semver-parser"
version = "0.7.0"
source = "registry+https://github.com/rust-lang/crates.io-index"
checksum = "388a1df253eca08550bef6c72392cfe7c30914bf41df5269b68cbd6ff8f570a3"

[[package]]
name = "smallvec"
version = "1.6.1"
source = "registry+https://github.com/rust-lang/crates.io-index"
checksum = "fe0f37c9e8f3c5a4a66ad655a93c74daac4ad00c441533bf5c6e7990bb42604e"

[[package]]
name = "syn"
version = "1.0.71"
source = "registry+https://github.com/rust-lang/crates.io-index"
checksum = "ad184cc9470f9117b2ac6817bfe297307418819ba40552f9b3846f05c33d5373"
dependencies = [
 "proc-macro2",
 "quote",
 "unicode-xid",
]

[[package]]
name = "thiserror"
version = "1.0.24"
source = "registry+https://github.com/rust-lang/crates.io-index"
checksum = "e0f4a65597094d4483ddaed134f409b2cb7c1beccf25201a9f73c719254fa98e"
dependencies = [
 "thiserror-impl",
]

[[package]]
name = "thiserror-impl"
version = "1.0.24"
source = "registry+https://github.com/rust-lang/crates.io-index"
checksum = "7765189610d8241a44529806d6fd1f2e0a08734313a35d5b3a556f92b381f3c0"
dependencies = [
 "proc-macro2",
 "quote",
 "syn",
]

[[package]]
name = "unicode-xid"
version = "0.2.2"
source = "registry+https://github.com/rust-lang/crates.io-index"
checksum = "8ccb82d61f80a663efe1f787a51b16b5a51e3314d6ac365b08639f52387b33f3"

[[package]]
name = "vcpkg"
version = "0.2.12"
source = "registry+https://github.com/rust-lang/crates.io-index"
checksum = "cbdbff6266a24120518560b5dc983096efb98462e51d0d68169895b237be3e5d"
